{
  "name": "dry-mongo",
  "version": "0.0.4",
  "dependencies": {
    "dry-underscore": {
      "version": "0.9.0",
      "from": "dry-underscore@",
      "resolved": "https://registry.npmjs.org/dry-underscore/-/dry-underscore-0.9.0.tgz",
      "dependencies": {
        "formidable": {
          "version": "1.0.9",
          "from": "formidable@1.0.9",
          "resolved": "https://registry.npmjs.org/formidable/-/formidable-1.0.9.tgz"
        },
        "tosource": {
          "version": "0.1.1",
          "from": "https://registry.npmjs.org/tosource/-/tosource-0.1.1.tgz",
          "resolved": "https://registry.npmjs.org/tosource/-/tosource-0.1.1.tgz"
        },
        "minimatch": {
          "version": "0.2.11",
          "from": "https://registry.npmjs.org/minimatch/-/minimatch-0.2.11.tgz",
          "resolved": "https://registry.npmjs.org/minimatch/-/minimatch-0.2.11.tgz",
          "dependencies": {
            "lru-cache": {
              "version": "2.2.2",
              "from": "https://registry.npmjs.org/lru-cache/-/lru-cache-2.2.2.tgz",
              "resolved": "https://registry.npmjs.org/lru-cache/-/lru-cache-2.2.2.tgz"
            },
            "sigmund": {
              "version": "1.0.0",
              "from": "https://registry.npmjs.org/sigmund/-/sigmund-1.0.0.tgz",
              "resolved": "https://registry.npmjs.org/sigmund/-/sigmund-1.0.0.tgz"
            }
          }
        },
        "superagent": {
          "version": "0.15.4",
          "from": "superagent@0.15.4",
          "resolved": "https://registry.npmjs.org/superagent/-/superagent-0.15.4.tgz",
          "dependencies": {
            "qs": {
              "version": "0.6.5",
              "from": "qs@0.6.5",
              "resolved": "https://registry.npmjs.org/qs/-/qs-0.6.5.tgz"
            },
            "formidable": {
              "version": "1.0.14",
              "from": "formidable@1.0.14",
              "resolved": "https://registry.npmjs.org/formidable/-/formidable-1.0.14.tgz"
            },
            "emitter-component": {
              "version": "1.0.0",
              "from": "emitter-component@1.0.0",
              "resolved": "https://registry.npmjs.org/emitter-component/-/emitter-component-1.0.0.tgz"
            },
            "methods": {
              "version": "0.0.1",
              "from": "methods@0.0.1",
              "resolved": "https://registry.npmjs.org/methods/-/methods-0.0.1.tgz"
            },
            "cookiejar": {
              "version": "1.3.0",
              "from": "cookiejar@1.3.0",
              "resolved": "https://registry.npmjs.org/cookiejar/-/cookiejar-1.3.0.tgz"
            },
            "debug": {
              "version": "0.7.2",
              "from": "debug@0.7.2",
              "resolved": "https://registry.npmjs.org/debug/-/debug-0.7.2.tgz"
            }
          }
        },
        "moment": {
          "version": "2.5.1",
          "from": "https://registry.npmjs.org/moment/-/moment-2.5.1.tgz",
          "resolved": "https://registry.npmjs.org/moment/-/moment-2.5.1.tgz"
        },
        "handlebars": {
          "version": "2.0.0",
          "from": "https://registry.npmjs.org/handlebars/-/handlebars-2.0.0.tgz",
          "resolved": "https://registry.npmjs.org/handlebars/-/handlebars-2.0.0.tgz",
          "dependencies": {
            "optimist": {
              "version": "0.3.7",
              "from": "https://registry.npmjs.org/optimist/-/optimist-0.3.7.tgz",
              "resolved": "https://registry.npmjs.org/optimist/-/optimist-0.3.7.tgz",
              "dependencies": {
                "wordwrap": {
                  "version": "0.0.2",
                  "from": "https://registry.npmjs.org/wordwrap/-/wordwrap-0.0.2.tgz",
                  "resolved": "https://registry.npmjs.org/wordwrap/-/wordwrap-0.0.2.tgz"
                }
              }
            },
            "uglify-js": {
              "version": "2.3.6",
              "from": "https://registry.npmjs.org/uglify-js/-/uglify-js-2.3.6.tgz",
              "resolved": "https://registry.npmjs.org/uglify-js/-/uglify-js-2.3.6.tgz",
              "dependencies": {
                "async": {
                  "version": "0.2.10",
                  "from": "https://registry.npmjs.org/async/-/async-0.2.10.tgz",
                  "resolved": "https://registry.npmjs.org/async/-/async-0.2.10.tgz"
                },
                "source-map": {
                  "version": "0.1.39",
                  "from": "https://registry.npmjs.org/source-map/-/source-map-0.1.39.tgz",
                  "resolved": "https://registry.npmjs.org/source-map/-/source-map-0.1.39.tgz",
                  "dependencies": {
                    "amdefine": {
                      "version": "0.1.0",
                      "from": "https://registry.npmjs.org/amdefine/-/amdefine-0.1.0.tgz",
                      "resolved": "https://registry.npmjs.org/amdefine/-/amdefine-0.1.0.tgz"
                    }
                  }
                }
              }
            }
          }
        },
        "keypress": {
          "version": "0.2.1",
          "from": "https://registry.npmjs.org/keypress/-/keypress-0.2.1.tgz",
          "resolved": "https://registry.npmjs.org/keypress/-/keypress-0.2.1.tgz"
        },
        "mime": {
          "version": "1.2.5",
          "from": "mime@1.2.5",
          "resolved": "https://registry.npmjs.org/mime/-/mime-1.2.5.tgz"
        }
      }
    },
    "mongodb": {
      "version": "1.4.23",
      "from": "https://registry.npmjs.org/mongodb/-/mongodb-1.4.23.tgz",
      "resolved": "https://registry.npmjs.org/mongodb/-/mongodb-1.4.23.tgz",
      "dependencies": {
        "bson": {
          "version": "0.2.18",
          "from": "bson@~0.2",
          "dependencies": {
            "nan": {
              "version": "1.5.1",
              "from": "nan@1.5.1"
            }
          }
        },
        "kerberos": {
          "version": "0.0.6",
          "from": "kerberos@0.0.6",
          "resolved": "https://registry.npmjs.org/kerberos/-/kerberos-0.0.6.tgz",
          "dependencies": {
            "nan": {
              "version": "1.3.0",
              "from": "nan@1.3.0",
              "resolved": "https://registry.npmjs.org/nan/-/nan-1.3.0.tgz"
            }
          }
        },
        "readable-stream": {
          "version": "1.0.33",
          "from": "readable-stream@latest",
          "dependencies": {
            "core-util-is": {
              "version": "1.0.1",
              "from": "core-util-is@~1.0.0"
            },
            "isarray": {
              "version": "0.0.1",
              "from": "isarray@0.0.1"
            },
            "string_decoder": {
              "version": "0.10.31",
              "from": "string_decoder@~0.10.x"
            },
            "inherits": {
              "version": "2.0.1",
              "from": "inherits@~2.0.1"
            }
          }
        }
      }
    },
    "tamejs": {
      "version": "0.4.14",
      "from": "tamejs@",
      "resolved": "https://registry.npmjs.org/tamejs/-/tamejs-0.4.14.tgz"
    }
  }
}
